<?xml version="1.0" encoding="UTF-8" standalone="yes" ?>
<CodeBlocks_project_file>
	<FileVersion major="1" minor="6" />
	<Project>
		<Option title="kl2-dev" />
		<Option makefile_is_custom="1" />
		<Option pch_mode="2" />
		<Option compiler="null" />
		<Build>
			<Target title="Build">
				<Option platforms="Unix;" />
				<Option output="bin/kl2-dev" prefix_auto="1" extension_auto="1" />
				<Option object_output="obj/Release/" />
				<Option type="1" />
				<Option compiler="gcc" />
			</Target>
		</Build>
		<Unit filename="Makefile" />
		<Unit filename="include/MKL26Z4.h" />
		<Unit filename="include/arm_cm0p.h" />
		<Unit filename="include/bootloader.h" />
		<Unit filename="include/common.h" />
		<Unit filename="include/sysinit.h" />
		<Unit filename="include/usb_types.h" />
		<Unit filename="kl2-dev.ld" />
		<Unit filename="src/arm_cm0p.c">
			<Option compilerVar="CC" />
		</Unit>
		<Unit filename="src/bootloader.c">
			<Option compilerVar="CC" />
		</Unit>
		<Unit filename="src/bootloader_crt0.S" />
		<Unit filename="src/crt0.S" />
		<Unit filename="src/main.c">
			<Option compilerVar="CC" />
		</Unit>
		<Unit filename="src/startup.c">
			<Option compilerVar="CC" />
		</Unit>
		<Unit filename="src/sysinit.c">
			<Option compilerVar="CC" />
		</Unit>
		<Extensions>
			<code_completion />
			<envvars />
			<debugger />
		</Extensions>
	</Project>
</CodeBlocks_project_file>
